
Microsoft Visual Studio Solution File, Format Version 12.00
# Visual Studio 14
VisualStudioVersion = 14.0.23107.0
MinimumVisualStudioVersion = 10.0.40219.1
Project("{FAE04EC0-301F-11D3-BF4B-00C04F79EFBC}") = "BelajarMVC.View", "BelajarMVC.View\BelajarMVC.View.csproj", "{39FCF052-D634-4F5B-92DC-DBF8A7386925}"
EndProject
Project("{FAE04EC0-301F-11D3-BF4B-00C04F79EFBC}") = "BelajarMVC.Model", "BelajarMVC.Model\BelajarMVC.Model.csproj", "{BA0A876F-82DF-45DC-A2CE-F67F24E30605}"
EndProject
Project("{FAE04EC0-301F-11D3-BF4B-00C04F79EFBC}") = "BelajarMVC.Controller", "BelajarMVC.Controller\BelajarMVC.Controller.csproj", "{1741AB7A-5D89-497D-A792-0696C06A4245}"
EndProject
Project("{FAE04EC0-301F-11D3-BF4B-00C04F79EFBC}") = "BelajarMVC.UnitTest", "BelajarMVC.UnitTest\BelajarMVC.UnitTest.csproj", "{52DF298C-ACE8-4175-ACEE-4497860B55FD}"
EndProject
Project("{FAE04EC0-301F-11D3-BF4B-00C04F79EFBC}") = "Helper", "Helper\Helper.csproj", "{A1BAF1E7-E944-4ABE-9DC6-635B4B05A127}"
EndProject
Global
	GlobalSection(SolutionConfigurationPlatforms) = preSolution
		Debug|Any CPU = Debug|Any CPU
		Release|Any CPU = Release|Any CPU
	EndGlobalSection
	GlobalSection(ProjectConfigurationPlatforms) = postSolution
		{39FCF052-D634-4F5B-92DC-DBF8A7386925}.Debug|Any CPU.ActiveCfg = Debug|Any CPU
		{39FCF052-D634-4F5B-92DC-DBF8A7386925}.Debug|Any CPU.Build.0 = Debug|Any CPU
		{39FCF052-D634-4F5B-92DC-DBF8A7386925}.Release|Any CPU.ActiveCfg = Release|Any CPU
		{39FCF052-D634-4F5B-92DC-DBF8A7386925}.Release|Any CPU.Build.0 = Release|Any CPU
		{BA0A876F-82DF-45DC-A2CE-F67F24E30605}.Debug|Any CPU.ActiveCfg = Debug|Any CPU
		{BA0A876F-82DF-45DC-A2CE-F67F24E30605}.Debug|Any CPU.Build.0 = Debug|Any CPU
		{BA0A876F-82DF-45DC-A2CE-F67F24E30605}.Release|Any CPU.ActiveCfg = Release|Any CPU
		{BA0A876F-82DF-45DC-A2CE-F67F24E30605}.Release|Any CPU.Build.0 = Release|Any CPU
		{1741AB7A-5D89-497D-A792-0696C06A4245}.Debug|Any CPU.ActiveCfg = Debug|Any CPU
		{1741AB7A-5D89-497D-A792-0696C06A4245}.Debug|Any CPU.Build.0 = Debug|Any CPU
		{1741AB7A-5D89-497D-A792-0696C06A4245}.Release|Any CPU.ActiveCfg = Release|Any CPU
		{1741AB7A-5D89-497D-A792-0696C06A4245}.Release|Any CPU.Build.0 = Release|Any CPU
		{52DF298C-ACE8-4175-ACEE-4497860B55FD}.Debug|Any CPU.ActiveCfg = Debug|Any CPU
		{52DF298C-ACE8-4175-ACEE-4497860B55FD}.Debug|Any CPU.Build.0 = Debug|Any CPU
		{52DF298C-ACE8-4175-ACEE-4497860B55FD}.Release|Any CPU.ActiveCfg = Release|Any CPU
		{52DF298C-ACE8-4175-ACEE-4497860B55FD}.Release|Any CPU.Build.0 = Release|Any CPU
		{A1BAF1E7-E944-4ABE-9DC6-635B4B05A127}.Debug|Any CPU.ActiveCfg = Debug|Any CPU
		{A1BAF1E7-E944-4ABE-9DC6-635B4B05A127}.Debug|Any CPU.Build.0 = Debug|Any CPU
		{A1BAF1E7-E944-4ABE-9DC6-635B4B05A127}.Release|Any CPU.ActiveCfg = Release|Any CPU
		{A1BAF1E7-E944-4ABE-9DC6-635B4B05A127}.Release|Any CPU.Build.0 = Release|Any CPU
	EndGlobalSection
	GlobalSection(SolutionProperties) = preSolution
		HideSolutionNode = FALSE
	EndGlobalSection
EndGlobal
